
Microsoft Visual Studio Solution File, Format Version 12.00
# Visual Studio Version 17
VisualStudioVersion = 17.7.34003.232
MinimumVisualStudioVersion = 10.0.40219.1
Project("{9A19103F-16F7-4668-BE54-9A1E7A4F7556}") = "MyAPI", "MyAPI\MyAPI.csproj", "{0DB57002-7FB4-49A5-8520-7E73380D21BB}"
EndProject
Project("{FAE04EC0-301F-11D3-BF4B-00C04F79EFBC}") = "Contracts", "Contracts\Contracts.csproj", "{7BDD49EE-0198-468A-8FF2-0096485DEA21}"
EndProject
Project("{FAE04EC0-301F-11D3-BF4B-00C04F79EFBC}") = "LoggerService", "LoggerService\LoggerService.csproj", "{0BA8C52E-1FD2-4C4B-A00A-8B19A82E4C04}"
EndProject
Project("{FAE04EC0-301F-11D3-BF4B-00C04F79EFBC}") = "Repository", "Repository\Repository.csproj", "{E10382E2-D82C-432B-A5C6-653C676C5713}"
EndProject
Global
	GlobalSection(SolutionConfigurationPlatforms) = preSolution
		Debug|Any CPU = Debug|Any CPU
		Release|Any CPU = Release|Any CPU
	EndGlobalSection
	GlobalSection(ProjectConfigurationPlatforms) = postSolution
		{0DB57002-7FB4-49A5-8520-7E73380D21BB}.Debug|Any CPU.ActiveCfg = Debug|Any CPU
		{0DB57002-7FB4-49A5-8520-7E73380D21BB}.Debug|Any CPU.Build.0 = Debug|Any CPU
		{0DB57002-7FB4-49A5-8520-7E73380D21BB}.Release|Any CPU.ActiveCfg = Release|Any CPU
		{0DB57002-7FB4-49A5-8520-7E73380D21BB}.Release|Any CPU.Build.0 = Release|Any CPU
		{7BDD49EE-0198-468A-8FF2-0096485DEA21}.Debug|Any CPU.ActiveCfg = Debug|Any CPU
		{7BDD49EE-0198-468A-8FF2-0096485DEA21}.Debug|Any CPU.Build.0 = Debug|Any CPU
		{7BDD49EE-0198-468A-8FF2-0096485DEA21}.Release|Any CPU.ActiveCfg = Release|Any CPU
		{7BDD49EE-0198-468A-8FF2-0096485DEA21}.Release|Any CPU.Build.0 = Release|Any CPU
		{0BA8C52E-1FD2-4C4B-A00A-8B19A82E4C04}.Debug|Any CPU.ActiveCfg = Debug|Any CPU
		{0BA8C52E-1FD2-4C4B-A00A-8B19A82E4C04}.Debug|Any CPU.Build.0 = Debug|Any CPU
		{0BA8C52E-1FD2-4C4B-A00A-8B19A82E4C04}.Release|Any CPU.ActiveCfg = Release|Any CPU
		{0BA8C52E-1FD2-4C4B-A00A-8B19A82E4C04}.Release|Any CPU.Build.0 = Release|Any CPU
		{E10382E2-D82C-432B-A5C6-653C676C5713}.Debug|Any CPU.ActiveCfg = Debug|Any CPU
		{E10382E2-D82C-432B-A5C6-653C676C5713}.Debug|Any CPU.Build.0 = Debug|Any CPU
		{E10382E2-D82C-432B-A5C6-653C676C5713}.Release|Any CPU.ActiveCfg = Release|Any CPU
		{E10382E2-D82C-432B-A5C6-653C676C5713}.Release|Any CPU.Build.0 = Release|Any CPU
	EndGlobalSection
	GlobalSection(SolutionProperties) = preSolution
		HideSolutionNode = FALSE
	EndGlobalSection
	GlobalSection(ExtensibilityGlobals) = postSolution
		SolutionGuid = {E85D3E54-86E7-4DA4-95B0-2531AD88AFD1}
	EndGlobalSection
EndGlobal
